
Microsoft Visual Studio Solution File, Format Version 12.00
# Visual Studio Version 16
VisualStudioVersion = 16.0.30611.23
MinimumVisualStudioVersion = 10.0.40219.1
Project("{FAE04EC0-301F-11D3-BF4B-00C04F79EFBC}") = "Northwind.Ordering.Api", "Northwind.Ordering.Api\Northwind.Ordering.Api.csproj", "{0EFCE976-EB52-4343-8F3A-CB7354120D6F}"
EndProject
Project("{FAE04EC0-301F-11D3-BF4B-00C04F79EFBC}") = "Northwind.Ordering.Data", "Northwind.Ordering.Data\Northwind.Ordering.Data.csproj", "{FA52B330-D718-4E70-BEF2-0B1D2E34E452}"
EndProject
Global
	GlobalSection(SolutionConfigurationPlatforms) = preSolution
		Debug|Any CPU = Debug|Any CPU
		Release|Any CPU = Release|Any CPU
	EndGlobalSection
	GlobalSection(ProjectConfigurationPlatforms) = postSolution
		{0EFCE976-EB52-4343-8F3A-CB7354120D6F}.Debug|Any CPU.ActiveCfg = Debug|Any CPU
		{0EFCE976-EB52-4343-8F3A-CB7354120D6F}.Debug|Any CPU.Build.0 = Debug|Any CPU
		{0EFCE976-EB52-4343-8F3A-CB7354120D6F}.Release|Any CPU.ActiveCfg = Release|Any CPU
		{0EFCE976-EB52-4343-8F3A-CB7354120D6F}.Release|Any CPU.Build.0 = Release|Any CPU
		{FA52B330-D718-4E70-BEF2-0B1D2E34E452}.Debug|Any CPU.ActiveCfg = Debug|Any CPU
		{FA52B330-D718-4E70-BEF2-0B1D2E34E452}.Debug|Any CPU.Build.0 = Debug|Any CPU
		{FA52B330-D718-4E70-BEF2-0B1D2E34E452}.Release|Any CPU.ActiveCfg = Release|Any CPU
		{FA52B330-D718-4E70-BEF2-0B1D2E34E452}.Release|Any CPU.Build.0 = Release|Any CPU
	EndGlobalSection
	GlobalSection(SolutionProperties) = preSolution
		HideSolutionNode = FALSE
	EndGlobalSection
	GlobalSection(ExtensibilityGlobals) = postSolution
		SolutionGuid = {E84F5D38-F67A-4C07-A7FF-63CABE6CE202}
	EndGlobalSection
EndGlobal
